
Microsoft Visual Studio Solution File, Format Version 12.00
# Visual Studio Version 17
VisualStudioVersion = 17.14.36414.22
MinimumVisualStudioVersion = 10.0.40219.1
Project("{FAE04EC0-301F-11D3-BF4B-00C04F79EFBC}") = "GUIShopThoiTrang", "QuanLyShopThoiTrang\GUIShopThoiTrang.csproj", "{BE84CFD5-4F08-4D6B-BE24-E8AD955EC72C}"
	ProjectSection(ProjectDependencies) = postProject
		{59F3E190-599E-4982-B838-73C299A496F7} = {59F3E190-599E-4982-B838-73C299A496F7}
		{A8BADF4D-0E4B-4A7A-A0AD-5B2126F36253} = {A8BADF4D-0E4B-4A7A-A0AD-5B2126F36253}
	EndProjectSection
EndProject
Project("{FAE04EC0-301F-11D3-BF4B-00C04F79EFBC}") = "DTOShopThoiTrang", "DTOQuanLyThoiTrang\DTOShopThoiTrang.csproj", "{A8BADF4D-0E4B-4A7A-A0AD-5B2126F36253}"
EndProject
Project("{FAE04EC0-301F-11D3-BF4B-00C04F79EFBC}") = "DALShopThoiTrang", "DALShopThoiTrang\DALShopThoiTrang.csproj", "{8EAC6734-3D35-450E-A90C-8BFD7E5140EA}"
	ProjectSection(ProjectDependencies) = postProject
		{A8BADF4D-0E4B-4A7A-A0AD-5B2126F36253} = {A8BADF4D-0E4B-4A7A-A0AD-5B2126F36253}
	EndProjectSection
EndProject
Project("{FAE04EC0-301F-11D3-BF4B-00C04F79EFBC}") = "BUSShopThoiTrang", "BUSShopThoiTrang\BUSShopThoiTrang.csproj", "{59F3E190-599E-4982-B838-73C299A496F7}"
	ProjectSection(ProjectDependencies) = postProject
		{8EAC6734-3D35-450E-A90C-8BFD7E5140EA} = {8EAC6734-3D35-450E-A90C-8BFD7E5140EA}
		{A8BADF4D-0E4B-4A7A-A0AD-5B2126F36253} = {A8BADF4D-0E4B-4A7A-A0AD-5B2126F36253}
		{AF0C62ED-D487-435F-BF94-D470761300EE} = {AF0C62ED-D487-435F-BF94-D470761300EE}
	EndProjectSection
EndProject
Project("{FAE04EC0-301F-11D3-BF4B-00C04F79EFBC}") = "UtilsShopThoiTrang", "UtilsShopThoiTrang\UtilsShopThoiTrang.csproj", "{AF0C62ED-D487-435F-BF94-D470761300EE}"
EndProject
Project("{2150E333-8FDC-42A3-9474-1A3956D46DE8}") = "Solution Items", "Solution Items", "{8EC462FD-D22E-90A8-E5CE-7E832BA40C5D}"
	ProjectSection(SolutionItems) = preProject
		.gitignore = .gitignore
	EndProjectSection
EndProject
Global
	GlobalSection(SolutionConfigurationPlatforms) = preSolution
		Debug|Any CPU = Debug|Any CPU
		Release|Any CPU = Release|Any CPU
	EndGlobalSection
	GlobalSection(ProjectConfigurationPlatforms) = postSolution
		{BE84CFD5-4F08-4D6B-BE24-E8AD955EC72C}.Debug|Any CPU.ActiveCfg = Debug|Any CPU
		{BE84CFD5-4F08-4D6B-BE24-E8AD955EC72C}.Debug|Any CPU.Build.0 = Debug|Any CPU
		{BE84CFD5-4F08-4D6B-BE24-E8AD955EC72C}.Release|Any CPU.ActiveCfg = Release|Any CPU
		{BE84CFD5-4F08-4D6B-BE24-E8AD955EC72C}.Release|Any CPU.Build.0 = Release|Any CPU
		{A8BADF4D-0E4B-4A7A-A0AD-5B2126F36253}.Debug|Any CPU.ActiveCfg = Debug|Any CPU
		{A8BADF4D-0E4B-4A7A-A0AD-5B2126F36253}.Debug|Any CPU.Build.0 = Debug|Any CPU
		{A8BADF4D-0E4B-4A7A-A0AD-5B2126F36253}.Release|Any CPU.ActiveCfg = Release|Any CPU
		{A8BADF4D-0E4B-4A7A-A0AD-5B2126F36253}.Release|Any CPU.Build.0 = Release|Any CPU
		{8EAC6734-3D35-450E-A90C-8BFD7E5140EA}.Debug|Any CPU.ActiveCfg = Debug|Any CPU
		{8EAC6734-3D35-450E-A90C-8BFD7E5140EA}.Debug|Any CPU.Build.0 = Debug|Any CPU
		{8EAC6734-3D35-450E-A90C-8BFD7E5140EA}.Release|Any CPU.ActiveCfg = Release|Any CPU
		{8EAC6734-3D35-450E-A90C-8BFD7E5140EA}.Release|Any CPU.Build.0 = Release|Any CPU
		{59F3E190-599E-4982-B838-73C299A496F7}.Debug|Any CPU.ActiveCfg = Debug|Any CPU
		{59F3E190-599E-4982-B838-73C299A496F7}.Debug|Any CPU.Build.0 = Debug|Any CPU
		{59F3E190-599E-4982-B838-73C299A496F7}.Release|Any CPU.ActiveCfg = Release|Any CPU
		{59F3E190-599E-4982-B838-73C299A496F7}.Release|Any CPU.Build.0 = Release|Any CPU
		{AF0C62ED-D487-435F-BF94-D470761300EE}.Debug|Any CPU.ActiveCfg = Debug|Any CPU
		{AF0C62ED-D487-435F-BF94-D470761300EE}.Debug|Any CPU.Build.0 = Debug|Any CPU
		{AF0C62ED-D487-435F-BF94-D470761300EE}.Release|Any CPU.ActiveCfg = Release|Any CPU
		{AF0C62ED-D487-435F-BF94-D470761300EE}.Release|Any CPU.Build.0 = Release|Any CPU
	EndGlobalSection
	GlobalSection(SolutionProperties) = preSolution
		HideSolutionNode = FALSE
	EndGlobalSection
	GlobalSection(ExtensibilityGlobals) = postSolution
		SolutionGuid = {1DFA5404-64FD-4EDA-B3B8-EB706FA48CC5}
	EndGlobalSection
EndGlobal
